
Microsoft Visual Studio Solution File, Format Version 12.00
# Visual Studio 14
VisualStudioVersion = 14.0.24720.0
MinimumVisualStudioVersion = 10.0.40219.1
Project("{FAE04EC0-301F-11D3-BF4B-00C04F79EFBC}") = "BankApp", "BankApp\BankApp.csproj", "{BE5614F1-76E2-44E5-BDFF-24EC9A8C7C81}"
EndProject
Project("{FAE04EC0-301F-11D3-BF4B-00C04F79EFBC}") = "BankApp.Api", "BankApp.Api\BankApp.Api.csproj", "{1CBD5CDA-1804-4B24-88CB-9E146841471B}"
EndProject
Global
	GlobalSection(SolutionConfigurationPlatforms) = preSolution
		Debug|Any CPU = Debug|Any CPU
		Release|Any CPU = Release|Any CPU
	EndGlobalSection
	GlobalSection(ProjectConfigurationPlatforms) = postSolution
		{BE5614F1-76E2-44E5-BDFF-24EC9A8C7C81}.Debug|Any CPU.ActiveCfg = Debug|Any CPU
		{BE5614F1-76E2-44E5-BDFF-24EC9A8C7C81}.Debug|Any CPU.Build.0 = Debug|Any CPU
		{BE5614F1-76E2-44E5-BDFF-24EC9A8C7C81}.Release|Any CPU.ActiveCfg = Release|Any CPU
		{BE5614F1-76E2-44E5-BDFF-24EC9A8C7C81}.Release|Any CPU.Build.0 = Release|Any CPU
		{1CBD5CDA-1804-4B24-88CB-9E146841471B}.Debug|Any CPU.ActiveCfg = Debug|Any CPU
		{1CBD5CDA-1804-4B24-88CB-9E146841471B}.Debug|Any CPU.Build.0 = Debug|Any CPU
		{1CBD5CDA-1804-4B24-88CB-9E146841471B}.Release|Any CPU.ActiveCfg = Release|Any CPU
		{1CBD5CDA-1804-4B24-88CB-9E146841471B}.Release|Any CPU.Build.0 = Release|Any CPU
	EndGlobalSection
	GlobalSection(SolutionProperties) = preSolution
		HideSolutionNode = FALSE
	EndGlobalSection
EndGlobal
